
Microsoft Visual Studio Solution File, Format Version 12.00
# Visual Studio Version 16
VisualStudioVersion = 16.0.29806.167
MinimumVisualStudioVersion = 10.0.40219.1
Project("{FAE04EC0-301F-11D3-BF4B-00C04F79EFBC}") = "Philips Hardware  Inventory System", "Philips Hardware  Inventory System\Philips Hardware  Inventory System.csproj", "{337F572C-98A3-4733-9BD5-DD346E6163F0}"
EndProject
Global
	GlobalSection(SolutionConfigurationPlatforms) = preSolution
		Debug|Any CPU = Debug|Any CPU
		Release|Any CPU = Release|Any CPU
	EndGlobalSection
	GlobalSection(ProjectConfigurationPlatforms) = postSolution
		{337F572C-98A3-4733-9BD5-DD346E6163F0}.Debug|Any CPU.ActiveCfg = Debug|Any CPU
		{337F572C-98A3-4733-9BD5-DD346E6163F0}.Debug|Any CPU.Build.0 = Debug|Any CPU
		{337F572C-98A3-4733-9BD5-DD346E6163F0}.Release|Any CPU.ActiveCfg = Release|Any CPU
		{337F572C-98A3-4733-9BD5-DD346E6163F0}.Release|Any CPU.Build.0 = Release|Any CPU
	EndGlobalSection
	GlobalSection(SolutionProperties) = preSolution
		HideSolutionNode = FALSE
	EndGlobalSection
	GlobalSection(ExtensibilityGlobals) = postSolution
		SolutionGuid = {89E9F5E4-79EF-4374-B19C-61F83ED9E53E}
	EndGlobalSection
EndGlobal
